{
  "name": "mongo-invoices",
  "version": "0.0.0",
  "dependencies": {
    "accounting": {
      "version": "0.3.2",
      "from": "accounting@0.3.2",
      "resolved": "https://registry.npmjs.org/accounting/-/accounting-0.3.2.tgz"
    },
    "emailjs": {
      "version": "0.3.4",
      "from": "emailjs@0.3.4",
      "resolved": "https://registry.npmjs.org/emailjs/-/emailjs-0.3.4.tgz",
      "dependencies": {
        "moment": {
          "version": "1.7.0",
          "from": "moment@1.7.0",
          "resolved": "https://registry.npmjs.org/moment/-/moment-1.7.0.tgz"
        },
        "bufferjs": {
          "version": "1.1.0",
          "from": "bufferjs@1.1.0",
          "resolved": "https://registry.npmjs.org/bufferjs/-/bufferjs-1.1.0.tgz"
        }
      }
    },
    "express": {
      "version": "2.5.11",
      "from": "express@2.5.11",
      "resolved": "https://registry.npmjs.org/express/-/express-2.5.11.tgz",
      "dependencies": {
        "connect": {
          "version": "1.9.2",
          "from": "connect@1.9.2",
          "resolved": "https://registry.npmjs.org/connect/-/connect-1.9.2.tgz",
          "dependencies": {
            "formidable": {
              "version": "1.0.11",
              "from": "formidable@1.0.11",
              "resolved": "https://registry.npmjs.org/formidable/-/formidable-1.0.11.tgz"
            }
          }
        },
        "mime": {
          "version": "1.2.4",
          "from": "mime@1.2.4",
          "resolved": "https://registry.npmjs.org/mime/-/mime-1.2.4.tgz"
        },
        "qs": {
          "version": "0.4.2",
          "from": "qs@0.4.2",
          "resolved": "https://registry.npmjs.org/qs/-/qs-0.4.2.tgz"
        },
        "mkdirp": {
          "version": "0.3.0",
          "from": "mkdirp@0.3.0",
          "resolved": "https://registry.npmjs.org/mkdirp/-/mkdirp-0.3.0.tgz"
        }
      }
    },
    "i18n": {
      "version": "0.3.5",
      "from": "i18n@0.3.5",
      "resolved": "https://registry.npmjs.org/i18n/-/i18n-0.3.5.tgz",
      "dependencies": {
        "sprintf": {
          "version": "0.1.1",
          "from": "sprintf@0.1.1"
        }
      }
    },
    "jade": {
      "version": "0.27.7",
      "from": "jade@0.27.7",
      "resolved": "https://registry.npmjs.org/jade/-/jade-0.27.7.tgz",
      "dependencies": {
        "commander": {
          "version": "0.6.1",
          "from": "commander@0.6.1"
        },
        "mkdirp": {
          "version": "0.3.4",
          "from": "mkdirp@0.3.4"
        },
        "coffee-script": {
          "version": "1.4.0",
          "from": "coffee-script@1.4.0"
        }
      }
    },
    "moment": {
      "version": "1.7.2",
      "from": "moment@1.7.2",
      "resolved": "https://registry.npmjs.org/moment/-/moment-1.7.2.tgz"
    },
    "mongodb": {
      "version": "1.1.11",
      "from": "mongodb@1.1.11",
      "resolved": "https://registry.npmjs.org/mongodb/-/mongodb-1.1.11.tgz",
      "dependencies": {
        "bson": {
          "version": "0.1.5",
          "from": "bson@0.1.5",
          "resolved": "https://registry.npmjs.org/bson/-/bson-0.1.5.tgz"
        }
      }
    },
    "stylus": {
      "version": "0.29.0",
      "from": "stylus@0.29.0",
      "resolved": "https://registry.npmjs.org/stylus/-/stylus-0.29.0.tgz",
      "dependencies": {
        "cssom": {
          "version": "0.2.5",
          "from": "cssom@0.2.5",
          "resolved": "https://registry.npmjs.org/cssom/-/cssom-0.2.5.tgz"
        },
        "mkdirp": {
          "version": "0.3.4",
          "from": "mkdirp@0.3.4"
        },
        "debug": {
          "version": "0.7.0",
          "from": "debug@0.7.0",
          "resolved": "https://registry.npmjs.org/debug/-/debug-0.7.0.tgz"
        }
      }
    },
    "bcrypt-nodejs": {
      "version": "0.0.3",
      "from": "bcrypt-nodejs@"
    }
  }
}
